
Microsoft Visual Studio Solution File, Format Version 12.00
# Visual Studio Version 16
VisualStudioVersion = 16.0.29911.84
MinimumVisualStudioVersion = 10.0.40219.1
Project("{FAE04EC0-301F-11D3-BF4B-00C04F79EFBC}") = "Pemrogaman2640", "Pemrogaman2640\Pemrogaman2640.csproj", "{3E22F245-9488-4413-A0EE-768FA6A29EFB}"
EndProject
Project("{FAE04EC0-301F-11D3-BF4B-00C04F79EFBC}") = "Karyawan", "Karyawan\Karyawan.csproj", "{65CDB7C4-E7E4-4E76-9452-B38F2160EC55}"
EndProject
Global
	GlobalSection(SolutionConfigurationPlatforms) = preSolution
		Debug|Any CPU = Debug|Any CPU
		Release|Any CPU = Release|Any CPU
	EndGlobalSection
	GlobalSection(ProjectConfigurationPlatforms) = postSolution
		{3E22F245-9488-4413-A0EE-768FA6A29EFB}.Debug|Any CPU.ActiveCfg = Debug|Any CPU
		{3E22F245-9488-4413-A0EE-768FA6A29EFB}.Debug|Any CPU.Build.0 = Debug|Any CPU
		{3E22F245-9488-4413-A0EE-768FA6A29EFB}.Release|Any CPU.ActiveCfg = Release|Any CPU
		{3E22F245-9488-4413-A0EE-768FA6A29EFB}.Release|Any CPU.Build.0 = Release|Any CPU
		{65CDB7C4-E7E4-4E76-9452-B38F2160EC55}.Debug|Any CPU.ActiveCfg = Debug|Any CPU
		{65CDB7C4-E7E4-4E76-9452-B38F2160EC55}.Debug|Any CPU.Build.0 = Debug|Any CPU
		{65CDB7C4-E7E4-4E76-9452-B38F2160EC55}.Release|Any CPU.ActiveCfg = Release|Any CPU
		{65CDB7C4-E7E4-4E76-9452-B38F2160EC55}.Release|Any CPU.Build.0 = Release|Any CPU
	EndGlobalSection
	GlobalSection(SolutionProperties) = preSolution
		HideSolutionNode = FALSE
	EndGlobalSection
	GlobalSection(ExtensibilityGlobals) = postSolution
		SolutionGuid = {ADC68846-BDD3-4B50-8939-B1EA778290AB}
	EndGlobalSection
EndGlobal
